// !$*UTF8*$!
{
	archiveVersion = 1;
	classes = {
	};
	objectVersion = 55;
	objects = {

/* Begin PBXBuildFile section */
		1E4E577380709E64028BCDF3 /* Pods_Dismo_2.framework in Frameworks */ = {isa = PBXBuildFile; fileRef = 2DF3705B971C8D8B9A817481 /* Pods_Dismo_2.framework */; };
		980555E929E88732000E711C /* AppDelegate.swift in Sources */ = {isa = PBXBuildFile; fileRef = 980555E829E88732000E711C /* AppDelegate.swift */; };
		980555EB29E88732000E711C /* SceneDelegate.swift in Sources */ = {isa = PBXBuildFile; fileRef = 980555EA29E88732000E711C /* SceneDelegate.swift */; };
		980555F229E88734000E711C /* Assets.xcassets in Resources */ = {isa = PBXBuildFile; fileRef = 980555F129E88734000E711C /* Assets.xcassets */; };
		980555F529E88734000E711C /* LaunchScreen.storyboard in Resources */ = {isa = PBXBuildFile; fileRef = 980555F329E88734000E711C /* LaunchScreen.storyboard */; };
		98A3B41329EC3E0B00C6E647 /* ViewController.swift in Sources */ = {isa = PBXBuildFile; fileRef = 98A3B41029EC3E0B00C6E647 /* ViewController.swift */; };
		98A3B41429EC3E0B00C6E647 /* Main.storyboard in Resources */ = {isa = PBXBuildFile; fileRef = 98A3B41129EC3E0B00C6E647 /* Main.storyboard */; };
/* End PBXBuildFile section */

/* Begin PBXFileReference section */
		2DF3705B971C8D8B9A817481 /* Pods_Dismo_2.framework */ = {isa = PBXFileReference; explicitFileType = wrapper.framework; includeInIndex = 0; path = Pods_Dismo_2.framework; sourceTree = BUILT_PRODUCTS_DIR; };
		487913B341C071D988E26203 /* Pods-Dismo 2.release.xcconfig */ = {isa = PBXFileReference; includeInIndex = 1; lastKnownFileType = text.xcconfig; name = "Pods-Dismo 2.release.xcconfig"; path = "Target Support Files/Pods-Dismo 2/Pods-Dismo 2.release.xcconfig"; sourceTree = "<group>"; };
		980555E529E88732000E711C /* Dismo 2.app */ = {isa = PBXFileReference; explicitFileType = wrapper.application; includeInIndex = 0; path = "Dismo 2.app"; sourceTree = BUILT_PRODUCTS_DIR; };
		980555E829E88732000E711C /* AppDelegate.swift */ = {isa = PBXFileReference; lastKnownFileType = sourcecode.swift; path = AppDelegate.swift; sourceTree = "<group>"; };
		980555EA29E88732000E711C /* SceneDelegate.swift */ = {isa = PBXFileReference; lastKnownFileType = sourcecode.swift; path = SceneDelegate.swift; sourceTree = "<group>"; };
		980555F129E88734000E711C /* Assets.xcassets */ = {isa = PBXFileReference; lastKnownFileType = folder.assetcatalog; path = Assets.xcassets; sourceTree = "<group>"; };
		980555F429E88734000E711C /* Base */ = {isa = PBXFileReference; lastKnownFileType = file.storyboard; name = Base; path = Base.lproj/LaunchScreen.storyboard; sourceTree = "<group>"; };
		980555F629E88734000E711C /* Info.plist */ = {isa = PBXFileReference; lastKnownFileType = text.plist.xml; path = Info.plist; sourceTree = "<group>"; };
		98A3B41029EC3E0B00C6E647 /* ViewController.swift */ = {isa = PBXFileReference; fileEncoding = 4; lastKnownFileType = sourcecode.swift; path = ViewController.swift; sourceTree = "<group>"; };
		98A3B41229EC3E0B00C6E647 /* Base */ = {isa = PBXFileReference; lastKnownFileType = file.storyboard; name = Base; path = Base.lproj/Main.storyboard; sourceTree = "<group>"; };
		C8364CCA1CA762817710E5FB /* Pods-Dismo 2.debug.xcconfig */ = {isa = PBXFileReference; includeInIndex = 1; lastKnownFileType = text.xcconfig; name = "Pods-Dismo 2.debug.xcconfig"; path = "Target Support Files/Pods-Dismo 2/Pods-Dismo 2.debug.xcconfig"; sourceTree = "<group>"; };
		FAB35F6329F2D70A00219C67 /* Shared.framework */ = {isa = PBXFileReference; explicitFileType = wrapper.framework; path = Shared.framework; sourceTree = BUILT_PRODUCTS_DIR; };
/* End PBXFileReference section */

/* Begin PBXFrameworksBuildPhase section */
		980555E229E88732000E711C /* Frameworks */ = {
			isa = PBXFrameworksBuildPhase;
			buildActionMask = 2147483647;
			files = (
				1E4E577380709E64028BCDF3 /* Pods_Dismo_2.framework in Frameworks */,
			);
			runOnlyForDeploymentPostprocessing = 0;
		};
/* End PBXFrameworksBuildPhase section */

/* Begin PBXGroup section */
		980555DC29E88732000E711C = {
			isa = PBXGroup;
			children = (
				980555E729E88732000E711C /* Dismo 2 */,
				980555E629E88732000E711C /* Products */,
				CDE4B5DA40CD9D2B34F0F83A /* Pods */,
				DA17B83404575DEB782AA4B0 /* Frameworks */,
			);
			sourceTree = "<group>";
		};
		980555E629E88732000E711C /* Products */ = {
			isa = PBXGroup;
			children = (
				980555E529E88732000E711C /* Dismo 2.app */,
			);
			name = Products;
			sourceTree = "<group>";
		};
		980555E729E88732000E711C /* Dismo 2 */ = {
			isa = PBXGroup;
			children = (
				980555F629E88734000E711C /* Info.plist */,
				9805561929E99D3C000E711C /* Applications */,
				9805563329E9A847000E711C /* Modules */,
			);
			path = "Dismo 2";
			sourceTree = "<group>";
		};
		9805561429E99C91000E711C /* Shared */ = {
			isa = PBXGroup;
			children = (
				9805561A29E99D5A000E711C /* Assets */,
			);
			path = Shared;
			sourceTree = "<group>";
		};
		9805561929E99D3C000E711C /* Applications */ = {
			isa = PBXGroup;
			children = (
				98A3B41129EC3E0B00C6E647 /* Main.storyboard */,
				98A3B41029EC3E0B00C6E647 /* ViewController.swift */,
				980555F329E88734000E711C /* LaunchScreen.storyboard */,
				980555E829E88732000E711C /* AppDelegate.swift */,
				980555EA29E88732000E711C /* SceneDelegate.swift */,
			);
			path = Applications;
			sourceTree = "<group>";
		};
		9805561A29E99D5A000E711C /* Assets */ = {
			isa = PBXGroup;
			children = (
				980555F129E88734000E711C /* Assets.xcassets */,
			);
			path = Assets;
			sourceTree = "<group>";
		};
		9805563329E9A847000E711C /* Modules */ = {
			isa = PBXGroup;
			children = (
				9805561429E99C91000E711C /* Shared */,
			);
			path = Modules;
			sourceTree = "<group>";
		};
		CDE4B5DA40CD9D2B34F0F83A /* Pods */ = {
			isa = PBXGroup;
			children = (
				C8364CCA1CA762817710E5FB /* Pods-Dismo 2.debug.xcconfig */,
				487913B341C071D988E26203 /* Pods-Dismo 2.release.xcconfig */,
			);
			path = Pods;
			sourceTree = "<group>";
		};
		DA17B83404575DEB782AA4B0 /* Frameworks */ = {
			isa = PBXGroup;
			children = (
				FAB35F6329F2D70A00219C67 /* Shared.framework */,
				2DF3705B971C8D8B9A817481 /* Pods_Dismo_2.framework */,
			);
			name = Frameworks;
			sourceTree = "<group>";
		};
/* End PBXGroup section */

/* Begin PBXNativeTarget section */
		980555E429E88732000E711C /* Dismo 2 */ = {
			isa = PBXNativeTarget;
			buildConfigurationList = 980555F929E88734000E711C /* Build configuration list for PBXNativeTarget "Dismo 2" */;
			buildPhases = (
				08FC4D920670E2C57724B563 /* [CP] Check Pods Manifest.lock */,
				980555E129E88732000E711C /* Sources */,
				980555E229E88732000E711C /* Frameworks */,
				980555E329E88732000E711C /* Resources */,
				3A750929F5C9682E4AE3D6E9 /* [CP] Embed Pods Frameworks */,
			);
			buildRules = (
			);
			dependencies = (
			);
			name = "Dismo 2";
			productName = "Dismo 2";
			productReference = 980555E529E88732000E711C /* Dismo 2.app */;
			productType = "com.apple.product-type.application";
		};
/* End PBXNativeTarget section */

/* Begin PBXProject section */
		980555DD29E88732000E711C /* Project object */ = {
			isa = PBXProject;
			attributes = {
				BuildIndependentTargetsInParallel = 1;
				LastSwiftUpdateCheck = 1430;
				LastUpgradeCheck = 1430;
				TargetAttributes = {
					980555E429E88732000E711C = {
						CreatedOnToolsVersion = 14.3;
					};
				};
			};
			buildConfigurationList = 980555E029E88732000E711C /* Build configuration list for PBXProject "Dismo 2" */;
			compatibilityVersion = "Xcode 13.0";
			developmentRegion = en;
			hasScannedForEncodings = 0;
			knownRegions = (
				en,
				Base,
			);
			mainGroup = 980555DC29E88732000E711C;
			productRefGroup = 980555E629E88732000E711C /* Products */;
			projectDirPath = "";
			projectRoot = "";
			targets = (
				980555E429E88732000E711C /* Dismo 2 */,
			);
		};
/* End PBXProject section */

/* Begin PBXResourcesBuildPhase section */
		980555E329E88732000E711C /* Resources */ = {
			isa = PBXResourcesBuildPhase;
			buildActionMask = 2147483647;
			files = (
				980555F529E88734000E711C /* LaunchScreen.storyboard in Resources */,
				980555F229E88734000E711C /* Assets.xcassets in Resources */,
				98A3B41429EC3E0B00C6E647 /* Main.storyboard in Resources */,
			);
			runOnlyForDeploymentPostprocessing = 0;
		};
/* End PBXResourcesBuildPhase section */

/* Begin PBXShellScriptBuildPhase section */
		08FC4D920670E2C57724B563 /* [CP] Check Pods Manifest.lock */ = {
			isa = PBXShellScriptBuildPhase;
			buildActionMask = 2147483647;
			files = (
			);
			inputFileListPaths = (
			);
			inputPaths = (
				"${PODS_PODFILE_DIR_PATH}/Podfile.lock",
				"${PODS_ROOT}/Manifest.lock",
			);
			name = "[CP] Check Pods Manifest.lock";
			outputFileListPaths = (
			);
			outputPaths = (
				"$(DERIVED_FILE_DIR)/Pods-Dismo 2-checkManifestLockResult.txt",
			);
			runOnlyForDeploymentPostprocessing = 0;
			shellPath = /bin/sh;
			shellScript = "diff \"${PODS_PODFILE_DIR_PATH}/Podfile.lock\" \"${PODS_ROOT}/Manifest.lock\" > /dev/null\nif [ $? != 0 ] ; then\n    # print error to STDERR\n    echo \"error: The sandbox is not in sync with the Podfile.lock. Run 'pod install' or update your CocoaPods installation.\" >&2\n    exit 1\nfi\n# This output is used by Xcode 'outputs' to avoid re-running this script phase.\necho \"SUCCESS\" > \"${SCRIPT_OUTPUT_FILE_0}\"\n";
			showEnvVarsInLog = 0;
		};
		3A750929F5C9682E4AE3D6E9 /* [CP] Embed Pods Frameworks */ = {
			isa = PBXShellScriptBuildPhase;
			buildActionMask = 2147483647;
			files = (
			);
			inputFileListPaths = (
				"${PODS_ROOT}/Target Support Files/Pods-Dismo 2/Pods-Dismo 2-frameworks-${CONFIGURATION}-input-files.xcfilelist",
			);
			name = "[CP] Embed Pods Frameworks";
			outputFileListPaths = (
				"${PODS_ROOT}/Target Support Files/Pods-Dismo 2/Pods-Dismo 2-frameworks-${CONFIGURATION}-output-files.xcfilelist",
			);
			runOnlyForDeploymentPostprocessing = 0;
			shellPath = /bin/sh;
			shellScript = "\"${PODS_ROOT}/Target Support Files/Pods-Dismo 2/Pods-Dismo 2-frameworks.sh\"\n";
			showEnvVarsInLog = 0;
		};
/* End PBXShellScriptBuildPhase section */

/* Begin PBXSourcesBuildPhase section */
		980555E129E88732000E711C /* Sources */ = {
			isa = PBXSourcesBuildPhase;
			buildActionMask = 2147483647;
			files = (
				98A3B41329EC3E0B00C6E647 /* ViewController.swift in Sources */,
				980555E929E88732000E711C /* AppDelegate.swift in Sources */,
				980555EB29E88732000E711C /* SceneDelegate.swift in Sources */,
			);
			runOnlyForDeploymentPostprocessing = 0;
		};
/* End PBXSourcesBuildPhase section */

/* Begin PBXVariantGroup section */
		980555F329E88734000E711C /* LaunchScreen.storyboard */ = {
			isa = PBXVariantGroup;
			children = (
				980555F429E88734000E711C /* Base */,
			);
			name = LaunchScreen.storyboard;
			sourceTree = "<group>";
		};
		98A3B41129EC3E0B00C6E647 /* Main.storyboard */ = {
			isa = PBXVariantGroup;
			children = (
				98A3B41229EC3E0B00C6E647 /* Base */,
			);
			name = Main.storyboard;
			sourceTree = "<group>";
		};
/* End PBXVariantGroup section */

/* Begin XCBuildConfiguration section */
		980555F729E88734000E711C /* Debug */ = {
			isa = XCBuildConfiguration;
			buildSettings = {
				ALWAYS_SEARCH_USER_PATHS = NO;
				CLANG_ANALYZER_NONNULL = YES;
				CLANG_ANALYZER_NUMBER_OBJECT_CONVERSION = YES_AGGRESSIVE;
				CLANG_CXX_LANGUAGE_STANDARD = "gnu++20";
				CLANG_ENABLE_MODULES = YES;
				CLANG_ENABLE_OBJC_ARC = YES;
				CLANG_ENABLE_OBJC_WEAK = YES;
				CLANG_WARN_BLOCK_CAPTURE_AUTORELEASING = YES;
				CLANG_WARN_BOOL_CONVERSION = YES;
				CLANG_WARN_COMMA = YES;
				CLANG_WARN_CONSTANT_CONVERSION = YES;
				CLANG_WARN_DEPRECATED_OBJC_IMPLEMENTATIONS = YES;
				CLANG_WARN_DIRECT_OBJC_ISA_USAGE = YES_ERROR;
				CLANG_WARN_DOCUMENTATION_COMMENTS = YES;
				CLANG_WARN_EMPTY_BODY = YES;
				CLANG_WARN_ENUM_CONVERSION = YES;
				CLANG_WARN_INFINITE_RECURSION = YES;
				CLANG_WARN_INT_CONVERSION = YES;
				CLANG_WARN_NON_LITERAL_NULL_CONVERSION = YES;
				CLANG_WARN_OBJC_IMPLICIT_RETAIN_SELF = YES;
				CLANG_WARN_OBJC_LITERAL_CONVERSION = YES;
				CLANG_WARN_OBJC_ROOT_CLASS = YES_ERROR;
				CLANG_WARN_QUOTED_INCLUDE_IN_FRAMEWORK_HEADER = YES;
				CLANG_WARN_RANGE_LOOP_ANALYSIS = YES;
				CLANG_WARN_STRICT_PROTOTYPES = YES;
				CLANG_WARN_SUSPICIOUS_MOVE = YES;
				CLANG_WARN_UNGUARDED_AVAILABILITY = YES_AGGRESSIVE;
				CLANG_WARN_UNREACHABLE_CODE = YES;
				CLANG_WARN__DUPLICATE_METHOD_MATCH = YES;
				COPY_PHASE_STRIP = NO;
				DEBUG_INFORMATION_FORMAT = dwarf;
				ENABLE_STRICT_OBJC_MSGSEND = YES;
				ENABLE_TESTABILITY = YES;
				GCC_C_LANGUAGE_STANDARD = gnu11;
				GCC_DYNAMIC_NO_PIC = NO;
				GCC_NO_COMMON_BLOCKS = YES;
				GCC_OPTIMIZATION_LEVEL = 0;
				GCC_PREPROCESSOR_DEFINITIONS = (
					"DEBUG=1",
					"$(inherited)",
				);
				GCC_WARN_64_TO_32_BIT_CONVERSION = YES;
				GCC_WARN_ABOUT_RETURN_TYPE = YES_ERROR;
				GCC_WARN_UNDECLARED_SELECTOR = YES;
				GCC_WARN_UNINITIALIZED_AUTOS = YES_AGGRESSIVE;
				GCC_WARN_UNUSED_FUNCTION = YES;
				GCC_WARN_UNUSED_VARIABLE = YES;
				IPHONEOS_DEPLOYMENT_TARGET = 16.4;
				MTL_ENABLE_DEBUG_INFO = INCLUDE_SOURCE;
				MTL_FAST_MATH = YES;
				ONLY_ACTIVE_ARCH = YES;
				SDKROOT = iphoneos;
				SWIFT_ACTIVE_COMPILATION_CONDITIONS = DEBUG;
				SWIFT_OPTIMIZATION_LEVEL = "-Onone";
			};
			name = Debug;
		};
		980555F829E88734000E711C /* Release */ = {
			isa = XCBuildConfiguration;
			buildSettings = {
				ALWAYS_SEARCH_USER_PATHS = NO;
				CLANG_ANALYZER_NONNULL = YES;
				CLANG_ANALYZER_NUMBER_OBJECT_CONVERSION = YES_AGGRESSIVE;
				CLANG_CXX_LANGUAGE_STANDARD = "gnu++20";
				CLANG_ENABLE_MODULES = YES;
				CLANG_ENABLE_OBJC_ARC = YES;
				CLANG_ENABLE_OBJC_WEAK = YES;
				CLANG_WARN_BLOCK_CAPTURE_AUTORELEASING = YES;
				CLANG_WARN_BOOL_CONVERSION = YES;
				CLANG_WARN_COMMA = YES;
				CLANG_WARN_CONSTANT_CONVERSION = YES;
				CLANG_WARN_DEPRECATED_OBJC_IMPLEMENTATIONS = YES;
				CLANG_WARN_DIRECT_OBJC_ISA_USAGE = YES_ERROR;
				CLANG_WARN_DOCUMENTATION_COMMENTS = YES;
				CLANG_WARN_EMPTY_BODY = YES;
				CLANG_WARN_ENUM_CONVERSION = YES;
				CLANG_WARN_INFINITE_RECURSION = YES;
				CLANG_WARN_INT_CONVERSION = YES;
				CLANG_WARN_NON_LITERAL_NULL_CONVERSION = YES;
				CLANG_WARN_OBJC_IMPLICIT_RETAIN_SELF = YES;
				CLANG_WARN_OBJC_LITERAL_CONVERSION = YES;
				CLANG_WARN_OBJC_ROOT_CLASS = YES_ERROR;
				CLANG_WARN_QUOTED_INCLUDE_IN_FRAMEWORK_HEADER = YES;
				CLANG_WARN_RANGE_LOOP_ANALYSIS = YES;
				CLANG_WARN_STRICT_PROTOTYPES = YES;
				CLANG_WARN_SUSPICIOUS_MOVE = YES;
				CLANG_WARN_UNGUARDED_AVAILABILITY = YES_AGGRESSIVE;
				CLANG_WARN_UNREACHABLE_CODE = YES;
				CLANG_WARN__DUPLICATE_METHOD_MATCH = YES;
				COPY_PHASE_STRIP = NO;
				DEBUG_INFORMATION_FORMAT = "dwarf-with-dsym";
				ENABLE_NS_ASSERTIONS = NO;
				ENABLE_STRICT_OBJC_MSGSEND = YES;
				GCC_C_LANGUAGE_STANDARD = gnu11;
				GCC_NO_COMMON_BLOCKS = YES;
				GCC_WARN_64_TO_32_BIT_CONVERSION = YES;
				GCC_WARN_ABOUT_RETURN_TYPE = YES_ERROR;
				GCC_WARN_UNDECLARED_SELECTOR = YES;
				GCC_WARN_UNINITIALIZED_AUTOS = YES_AGGRESSIVE;
				GCC_WARN_UNUSED_FUNCTION = YES;
				GCC_WARN_UNUSED_VARIABLE = YES;
				IPHONEOS_DEPLOYMENT_TARGET = 16.4;
				MTL_ENABLE_DEBUG_INFO = NO;
				MTL_FAST_MATH = YES;
				SDKROOT = iphoneos;
				SWIFT_COMPILATION_MODE = wholemodule;
				SWIFT_OPTIMIZATION_LEVEL = "-O";
				VALIDATE_PRODUCT = YES;
			};
			name = Release;
		};
		980555FA29E88734000E711C /* Debug */ = {
			isa = XCBuildConfiguration;
			baseConfigurationReference = C8364CCA1CA762817710E5FB /* Pods-Dismo 2.debug.xcconfig */;
			buildSettings = {
				ASSETCATALOG_COMPILER_APPICON_NAME = AppIcon;
				ASSETCATALOG_COMPILER_GLOBAL_ACCENT_COLOR_NAME = AccentColor;
				CODE_SIGN_STYLE = Automatic;
				CURRENT_PROJECT_VERSION = 1;
				DEVELOPMENT_TEAM = HMMWHN78KV;
				GENERATE_INFOPLIST_FILE = YES;
				INFOPLIST_FILE = "Dismo 2/Info.plist";
				INFOPLIST_KEY_UIApplicationSupportsIndirectInputEvents = YES;
				INFOPLIST_KEY_UILaunchStoryboardName = LaunchScreen;
				INFOPLIST_KEY_UIMainStoryboardFile = Main;
				INFOPLIST_KEY_UISupportedInterfaceOrientations_iPad = "UIInterfaceOrientationPortrait UIInterfaceOrientationPortraitUpsideDown UIInterfaceOrientationLandscapeLeft UIInterfaceOrientationLandscapeRight";
				INFOPLIST_KEY_UISupportedInterfaceOrientations_iPhone = "UIInterfaceOrientationPortrait UIInterfaceOrientationLandscapeLeft UIInterfaceOrientationLandscapeRight";
				IPHONEOS_DEPLOYMENT_TARGET = 13.0;
				LD_RUNPATH_SEARCH_PATHS = (
					"$(inherited)",
					"@executable_path/Frameworks",
				);
				MARKETING_VERSION = 1.0;
				PRODUCT_BUNDLE_IDENTIFIER = "Kane.Dismo-2";
				PRODUCT_NAME = "$(TARGET_NAME)";
				SWIFT_EMIT_LOC_STRINGS = YES;
				SWIFT_VERSION = 5.0;
				TARGETED_DEVICE_FAMILY = "1,2";
			};
			name = Debug;
		};
		980555FB29E88734000E711C /* Release */ = {
			isa = XCBuildConfiguration;
			baseConfigurationReference = 487913B341C071D988E26203 /* Pods-Dismo 2.release.xcconfig */;
			buildSettings = {
				ASSETCATALOG_COMPILER_APPICON_NAME = AppIcon;
				ASSETCATALOG_COMPILER_GLOBAL_ACCENT_COLOR_NAME = AccentColor;
				CODE_SIGN_STYLE = Automatic;
				CURRENT_PROJECT_VERSION = 1;
				DEVELOPMENT_TEAM = HMMWHN78KV;
				GENERATE_INFOPLIST_FILE = YES;
				INFOPLIST_FILE = "Dismo 2/Info.plist";
				INFOPLIST_KEY_UIApplicationSupportsIndirectInputEvents = YES;
				INFOPLIST_KEY_UILaunchStoryboardName = LaunchScreen;
				INFOPLIST_KEY_UIMainStoryboardFile = Main;
				INFOPLIST_KEY_UISupportedInterfaceOrientations_iPad = "UIInterfaceOrientationPortrait UIInterfaceOrientationPortraitUpsideDown UIInterfaceOrientationLandscapeLeft UIInterfaceOrientationLandscapeRight";
				INFOPLIST_KEY_UISupportedInterfaceOrientations_iPhone = "UIInterfaceOrientationPortrait UIInterfaceOrientationLandscapeLeft UIInterfaceOrientationLandscapeRight";
				IPHONEOS_DEPLOYMENT_TARGET = 13.0;
				LD_RUNPATH_SEARCH_PATHS = (
					"$(inherited)",
					"@executable_path/Frameworks",
				);
				MARKETING_VERSION = 1.0;
				PRODUCT_BUNDLE_IDENTIFIER = "Kane.Dismo-2";
				PRODUCT_NAME = "$(TARGET_NAME)";
				SWIFT_EMIT_LOC_STRINGS = YES;
				SWIFT_VERSION = 5.0;
				TARGETED_DEVICE_FAMILY = "1,2";
			};
			name = Release;
		};
/* End XCBuildConfiguration section */

/* Begin XCConfigurationList section */
		980555E029E88732000E711C /* Build configuration list for PBXProject "Dismo 2" */ = {
			isa = XCConfigurationList;
			buildConfigurations = (
				980555F729E88734000E711C /* Debug */,
				980555F829E88734000E711C /* Release */,
			);
			defaultConfigurationIsVisible = 0;
			defaultConfigurationName = Release;
		};
		980555F929E88734000E711C /* Build configuration list for PBXNativeTarget "Dismo 2" */ = {
			isa = XCConfigurationList;
			buildConfigurations = (
				980555FA29E88734000E711C /* Debug */,
				980555FB29E88734000E711C /* Release */,
			);
			defaultConfigurationIsVisible = 0;
			defaultConfigurationName = Release;
		};
/* End XCConfigurationList section */
	};
	rootObject = 980555DD29E88732000E711C /* Project object */;
}
